{
    "_meta": {
        "hash": {
            "sha256": "15cebc555f7494969679bfbe8293f5945f4ad6fa81ba25d741fbbaee0e3cc717"
        },
        "pipfile-spec": 6,
        "requires": {
            "python_version": "3.7"
        },
        "sources": [
            {
                "name": "pypi",
                "url": "https://pypi.org/simple",
                "verify_ssl": true
            }
        ]
    },
    "default": {
        "diff-match-patch": {
            "hashes": [
                "sha256:8bf9d9c4e059d917b5c6312bac0c137971a32815ddbda9c682b949f2986b4d34",
                "sha256:da6f5a01aa586df23dfc89f3827e1cafbb5420be9d87769eeb079ddfd9477a18"
            ],
            "version": "==20200713"
        },
        "django": {
            "hashes": [
                "sha256:db2214db1c99017cbd971e58824e6f424375154fe358afc30e976f5b99fc6060",
                "sha256:e831105edb153af1324de44d06091ca75520a227456387dda4a47d2f1cc2731a"
            ],
            "index": "pypi",
            "version": "==2.2.22"
        },
        "django-crispy-forms": {
            "hashes": [
                "sha256:5952bab971110d0b86c278132dae0aa095beee8f723e625c3d3fa28888f1675f",
                "sha256:705ededc554ad8736157c666681165fe22ead2dec0d5446d65fc9dd976a5a876"
            ],
            "index": "pypi",
            "version": "==1.7.2"
        },
        "django-import-export": {
            "hashes": [
                "sha256:830824f79aae39e4212bb03aabdd83dc57931420557b757981cf6add8d07e611",
                "sha256:99fae7d963af4ade97af9237a843f250312421fa4ee350a3b735fcc5684c3fb5"
            ],
            "index": "pypi",
            "version": "==1.2.0"
        },
        "django-phone-field": {
            "hashes": [
                "sha256:a7621835cc6d6c2d02161422155ba1fc803b823cf514950b5a43e19b8802279a",
                "sha256:e2503a42ffd6918d3d06b27c2e568020de66e223af6d7b78a25154ca451b19d9"
            ],
            "index": "pypi",
            "version": "==1.7.0"
        },
        "pytz": {
            "hashes": [
                "sha256:83a4a90894bf38e243cf052c8b58f381bfe9a7a483f6a9cab140bc7f702ac4da",
                "sha256:eb10ce3e7736052ed3623d49975ce333bcd712c7bb19a58b9e2089d4057d0798"
            ],
            "version": "==2021.1"
        },
        "sqlparse": {
            "hashes": [
                "sha256:017cde379adbd6a1f15a61873f43e8274179378e95ef3fede90b5aa64d304ed0",
                "sha256:0f91fd2e829c44362cbcfab3e9ae12e22badaa8a29ad5ff599f9ec109f0454e8"
            ],
            "version": "==0.4.1"
        },
        "tablib": {
            "hashes": [
                "sha256:41aa40981cddd7ec4d1fabeae7c38d271601b306386bd05b5c3bcae13e5aeb20",
                "sha256:f83cac08454f225a34a305daa20e2110d5e6335135d505f93bc66583a5f9c10d"
            ],
            "version": "==3.0.0"
        }
    },
    "develop": {}
}
